lockfileVersion: 5.4

specifiers:
  acorn: ^8.8.2
  magic-string: ^0.30.0

devDependencies:
  acorn: registry.npmmirror.com/acorn/8.8.2
  magic-string: registry.npmmirror.com/magic-string/0.30.0

packages:

  registry.npmmirror.com/@jridgewell/sourcemap-codec/1.4.14:
    resolution: {integrity: sha512-XPSJHWmi394fuUuzDnGz1wiKqWfo1yXecHQMRf2l6hztTO+nPru658AyDngaBe7isIxEkRsPR3FZh+s7iVa4Uw==, registry: https://packages.aliyun.com/6218766746d4d2ca636d0497/npm/npm-registry/, tarball: https://registry.npmmirror.com/@jridgewell/sourcemap-codec/-/sourcemap-codec-1.4.14.tgz}
    name: '@jridgewell/sourcemap-codec'
    version: 1.4.14
    dev: true

  registry.npmmirror.com/acorn/8.8.2:
    resolution: {integrity: sha512-xjIYgE8HBrkpd/sJqOGNspf8uHG+NOHGOw6a/Urj8taM2EXfdNAH2oFcPeIFfsv3+kz/mJrS5VuMqbNLjCa2vw==, registry: https://packages.aliyun.com/6218766746d4d2ca636d0497/npm/npm-registry/, tarball: https://registry.npmmirror.com/acorn/-/acorn-8.8.2.tgz}
    name: acorn
    version: 8.8.2
    engines: {node: '>=0.4.0'}
    hasBin: true
    dev: true

  registry.npmmirror.com/magic-string/0.30.0:
    resolution: {integrity: sha512-LA+31JYDJLs82r2ScLrlz1GjSgu66ZV518eyWT+S8VhyQn/JL0u9MeBOvQMGYiPk1DBiSN9DDMOcXvigJZaViQ==, registry: https://packages.aliyun.com/6218766746d4d2ca636d0497/npm/npm-registry/, tarball: https://registry.npmmirror.com/magic-string/-/magic-string-0.30.0.tgz}
    name: magic-string
    version: 0.30.0
    engines: {node: '>=12'}
    dependencies:
      '@jridgewell/sourcemap-codec': registry.npmmirror.com/@jridgewell/sourcemap-codec/1.4.14
    dev: true
